{
  "name": "earth-reverse-engineering",
  "version": "0.1.0",
  "lockfileVersion": 1,
  "requires": true,
  "dependencies": {
    "bmp-js": {
      "version": "0.1.0",
      "resolved": "https://registry.npmjs.org/bmp-js/-/bmp-js-0.1.0.tgz",
      "integrity": "sha1-4Fpj95amwf8l9Hcex62twUjAcjM="
    },
    "decode-dxt": {
      "version": "1.0.1",
      "resolved": "https://registry.npmjs.org/decode-dxt/-/decode-dxt-1.0.1.tgz",
      "integrity": "sha512-sf+Jrp7l23K71gGrQPOvZReY12/sYEXKExx9kXtsKyosLqwQ/+ZhNvQLzAZLPqzdGLXcMQrTrEinYGtt36jFmA=="
    }
  }
}
